
Microsoft Visual Studio Solution File, Format Version 12.00
# Visual Studio Version 17
VisualStudioVersion = 17.5.002.0
MinimumVisualStudioVersion = 10.0.40219.1
Project("{2150E333-8FDC-42A3-9474-1A3956D46DE8}") = "src", "src", "{1472C62B-F368-49FE-9275-CBFDE33A511C}"
EndProject
Project("{9A19103F-16F7-4668-BE54-9A1E7A4F7556}") = "MyApi", "src\MyApi\MyApi.csproj", "{83C25CDD-DE9B-49BC-A669-8438693A572F}"
EndProject
Global
	GlobalSection(SolutionConfigurationPlatforms) = preSolution
		Debug|Any CPU = Debug|Any CPU
		Release|Any CPU = Release|Any CPU
	EndGlobalSection
	GlobalSection(ProjectConfigurationPlatforms) = postSolution
		{83C25CDD-DE9B-49BC-A669-8438693A572F}.Debug|Any CPU.ActiveCfg = Debug|Any CPU
		{83C25CDD-DE9B-49BC-A669-8438693A572F}.Debug|Any CPU.Build.0 = Debug|Any CPU
		{83C25CDD-DE9B-49BC-A669-8438693A572F}.Release|Any CPU.ActiveCfg = Release|Any CPU
		{83C25CDD-DE9B-49BC-A669-8438693A572F}.Release|Any CPU.Build.0 = Release|Any CPU
	EndGlobalSection
	GlobalSection(SolutionProperties) = preSolution
		HideSolutionNode = FALSE
	EndGlobalSection
	GlobalSection(NestedProjects) = preSolution
		{83C25CDD-DE9B-49BC-A669-8438693A572F} = {1472C62B-F368-49FE-9275-CBFDE33A511C}
	EndGlobalSection
	GlobalSection(ExtensibilityGlobals) = postSolution
		SolutionGuid = {A6F419BE-02CC-4C4F-A7C6-41235FB3C889}
	EndGlobalSection
EndGlobal
